
Microsoft Visual Studio Solution File, Format Version 12.00
# Visual Studio Version 17
VisualStudioVersion = 17.9.34723.18
MinimumVisualStudioVersion = 10.0.40219.1
Project("{FAE04EC0-301F-11D3-BF4B-00C04F79EFBC}") = "ResistorColorCode.App", "ResistorColorCode.App\ResistorColorCode.App.csproj", "{6E1B28EB-99A9-47E0-B302-9A93DA55965C}"
EndProject
Project("{9A19103F-16F7-4668-BE54-9A1E7A4F7556}") = "ResistorColorCode.Domain", "ResistorColorCode.Domain\ResistorColorCode.Domain.csproj", "{F6ED2F10-471A-4CD8-9FC2-BA2F8CBDB056}"
EndProject
Project("{FAE04EC0-301F-11D3-BF4B-00C04F79EFBC}") = "ResistorColorCode.Domain.Tests", "ResistorColorCode.Domain.Tests\ResistorColorCode.Domain.Tests.csproj", "{15CEED4D-7878-4AA6-8801-55A7770F1CBA}"
EndProject
Project("{2150E333-8FDC-42A3-9474-1A3956D46DE8}") = "Tests", "Tests", "{51AD9639-E5B8-4119-BD16-B6C4FC8D8CC6}"
EndProject
Global
	GlobalSection(SolutionConfigurationPlatforms) = preSolution
		Debug|Any CPU = Debug|Any CPU
		Release|Any CPU = Release|Any CPU
	EndGlobalSection
	GlobalSection(ProjectConfigurationPlatforms) = postSolution
		{6E1B28EB-99A9-47E0-B302-9A93DA55965C}.Debug|Any CPU.ActiveCfg = Debug|Any CPU
		{6E1B28EB-99A9-47E0-B302-9A93DA55965C}.Debug|Any CPU.Build.0 = Debug|Any CPU
		{6E1B28EB-99A9-47E0-B302-9A93DA55965C}.Debug|Any CPU.Deploy.0 = Debug|Any CPU
		{6E1B28EB-99A9-47E0-B302-9A93DA55965C}.Release|Any CPU.ActiveCfg = Release|Any CPU
		{6E1B28EB-99A9-47E0-B302-9A93DA55965C}.Release|Any CPU.Build.0 = Release|Any CPU
		{6E1B28EB-99A9-47E0-B302-9A93DA55965C}.Release|Any CPU.Deploy.0 = Release|Any CPU
		{F6ED2F10-471A-4CD8-9FC2-BA2F8CBDB056}.Debug|Any CPU.ActiveCfg = Debug|Any CPU
		{F6ED2F10-471A-4CD8-9FC2-BA2F8CBDB056}.Debug|Any CPU.Build.0 = Debug|Any CPU
		{F6ED2F10-471A-4CD8-9FC2-BA2F8CBDB056}.Release|Any CPU.ActiveCfg = Release|Any CPU
		{F6ED2F10-471A-4CD8-9FC2-BA2F8CBDB056}.Release|Any CPU.Build.0 = Release|Any CPU
		{15CEED4D-7878-4AA6-8801-55A7770F1CBA}.Debug|Any CPU.ActiveCfg = Debug|Any CPU
		{15CEED4D-7878-4AA6-8801-55A7770F1CBA}.Debug|Any CPU.Build.0 = Debug|Any CPU
		{15CEED4D-7878-4AA6-8801-55A7770F1CBA}.Release|Any CPU.ActiveCfg = Release|Any CPU
		{15CEED4D-7878-4AA6-8801-55A7770F1CBA}.Release|Any CPU.Build.0 = Release|Any CPU
	EndGlobalSection
	GlobalSection(SolutionProperties) = preSolution
		HideSolutionNode = FALSE
	EndGlobalSection
	GlobalSection(NestedProjects) = preSolution
		{15CEED4D-7878-4AA6-8801-55A7770F1CBA} = {51AD9639-E5B8-4119-BD16-B6C4FC8D8CC6}
	EndGlobalSection
	GlobalSection(ExtensibilityGlobals) = postSolution
		SolutionGuid = {9C3B32F7-C9E4-4C9B-A38C-69E5E7DC36E1}
	EndGlobalSection
EndGlobal
