
Microsoft Visual Studio Solution File, Format Version 12.00
# Visual Studio Version 17
VisualStudioVersion = 17.9.34723.18
MinimumVisualStudioVersion = 10.0.40219.1
Project("{9A19103F-16F7-4668-BE54-9A1E7A4F7556}") = "resistor-color-code-app", "resistor-color-code-app.csproj", "{9570D0A2-495A-47B3-98CD-ABE7A8D9D859}"
EndProject
Global
	GlobalSection(SolutionConfigurationPlatforms) = preSolution
		Debug|Any CPU = Debug|Any CPU
		Release|Any CPU = Release|Any CPU
	EndGlobalSection
	GlobalSection(ProjectConfigurationPlatforms) = postSolution
		{9570D0A2-495A-47B3-98CD-ABE7A8D9D859}.Debug|Any CPU.ActiveCfg = Debug|Any CPU
		{9570D0A2-495A-47B3-98CD-ABE7A8D9D859}.Debug|Any CPU.Build.0 = Debug|Any CPU
		{9570D0A2-495A-47B3-98CD-ABE7A8D9D859}.Debug|Any CPU.Deploy.0 = Debug|Any CPU
		{9570D0A2-495A-47B3-98CD-ABE7A8D9D859}.Release|Any CPU.ActiveCfg = Release|Any CPU
		{9570D0A2-495A-47B3-98CD-ABE7A8D9D859}.Release|Any CPU.Build.0 = Release|Any CPU
		{9570D0A2-495A-47B3-98CD-ABE7A8D9D859}.Release|Any CPU.Deploy.0 = Release|Any CPU
	EndGlobalSection
	GlobalSection(SolutionProperties) = preSolution
		HideSolutionNode = FALSE
	EndGlobalSection
	GlobalSection(ExtensibilityGlobals) = postSolution
		SolutionGuid = {AFAA9BC4-5F2F-4547-9A31-2913DA58B86B}
	EndGlobalSection
EndGlobal
